
Microsoft Visual Studio Solution File, Format Version 12.00
# Visual Studio Version 16
VisualStudioVersion = 16.0.31702.278
MinimumVisualStudioVersion = 10.0.40219.1
Project("{FAE04EC0-301F-11D3-BF4B-00C04F79EFBC}") = "FollowerService.Web", "FollowerService.Web\FollowerService.Web.csproj", "{7C1A638D-E549-4D16-B08F-CE5C96CD6711}"
EndProject
Global
	GlobalSection(SolutionConfigurationPlatforms) = preSolution
		Debug|Any CPU = Debug|Any CPU
		Release|Any CPU = Release|Any CPU
	EndGlobalSection
	GlobalSection(ProjectConfigurationPlatforms) = postSolution
		{7C1A638D-E549-4D16-B08F-CE5C96CD6711}.Debug|Any CPU.ActiveCfg = Debug|Any CPU
		{7C1A638D-E549-4D16-B08F-CE5C96CD6711}.Debug|Any CPU.Build.0 = Debug|Any CPU
		{7C1A638D-E549-4D16-B08F-CE5C96CD6711}.Release|Any CPU.ActiveCfg = Release|Any CPU
		{7C1A638D-E549-4D16-B08F-CE5C96CD6711}.Release|Any CPU.Build.0 = Release|Any CPU
	EndGlobalSection
	GlobalSection(SolutionProperties) = preSolution
		HideSolutionNode = FALSE
	EndGlobalSection
	GlobalSection(ExtensibilityGlobals) = postSolution
		SolutionGuid = {4C484A6A-7DA7-4764-A83F-1F68989218F4}
	EndGlobalSection
EndGlobal
